<?xml version="1.0" encoding="utf-8"?>
<Project ToolsVersion="4.0" xmlns="http://schemas.microsoft.com/developer/msbuild/2003">
  <ItemGroup>
    <Filter Include="Camera">
      <UniqueIdentifier>{5831f6c9-3df7-4fe1-b4c2-794b12e18154}</UniqueIdentifier>
    </Filter>
    <Filter Include="Graphics">
      <UniqueIdentifier>{a2fc84bc-abf8-4bd0-9aef-56a1b371bead}</UniqueIdentifier>
    </Filter>
    <Filter Include="Mesh">
      <UniqueIdentifier>{8142da82-71ce-4f5c-b07f-c5f4be428727}</UniqueIdentifier>
    </Filter>
    <Filter Include="GLAD">
      <UniqueIdentifier>{446b293e-03d1-402b-bafa-d13375054eb0}</UniqueIdentifier>
    </Filter>
    <Filter Include="STB_IMAGE">
      <UniqueIdentifier>{c0176fa8-34fa-4893-b07f-d8a0b7789f92}</UniqueIdentifier>
    </Filter>
    <Filter Include="Shader">
      <UniqueIdentifier>{bc5c6288-d303-48be-ab39-f6c9c5af8ba2}</UniqueIdentifier>
    </Filter>
    <Filter Include="Texture">
      <UniqueIdentifier>{5d7d8d84-dc5d-421e-aacd-8e84fa905757}</UniqueIdentifier>
    </Filter>
    <Filter Include="Managers">
      <UniqueIdentifier>{da583f7d-e4b9-4218-a2ec-f0ba46197387}</UniqueIdentifier>
    </Filter>
  </ItemGroup>
  <ItemGroup>
    <ClCompile Include="Camera.cpp">
      <Filter>Camera</Filter>
    </ClCompile>
    <ClCompile Include="Graphics.cpp">
      <Filter>Graphics</Filter>
    </ClCompile>
    <ClCompile Include="Cube.cpp">
      <Filter>Mesh</Filter>
    </ClCompile>
    <ClCompile Include="Mesh.cpp">
      <Filter>Mesh</Filter>
    </ClCompile>
    <ClCompile Include="ObjReader.cpp">
      <Filter>Mesh</Filter>
    </ClCompile>
    <ClCompile Include="Triangle.cpp">
      <Filter>Mesh</Filter>
    </ClCompile>
    <ClCompile Include="vboindexer.cpp">
      <Filter>Mesh</Filter>
    </ClCompile>
    <ClCompile Include="..\Dependencies\GLAD\src\glad.c">
      <Filter>GLAD</Filter>
    </ClCompile>
    <ClCompile Include="stb_image.cpp">
      <Filter>STB_IMAGE</Filter>
    </ClCompile>
    <ClCompile Include="Shader.cpp">
      <Filter>Shader</Filter>
    </ClCompile>
    <ClCompile Include="Texture.cpp">
      <Filter>Texture</Filter>
    </ClCompile>
    <ClCompile Include="ShaderManager.cpp">
      <Filter>Managers</Filter>
    </ClCompile>
    <ClCompile Include="ShadowMap.cpp">
      <Filter>Texture</Filter>
    </ClCompile>
    <ClCompile Include="ShadowCubeMap.cpp">
      <Filter>Texture</Filter>
    </ClCompile>
  </ItemGroup>
  <ItemGroup>
    <ClInclude Include="Camera.h">
      <Filter>Camera</Filter>
    </ClInclude>
    <ClInclude Include="Graphics.h">
      <Filter>Graphics</Filter>
    </ClInclude>
    <ClInclude Include="Cube.h">
      <Filter>Mesh</Filter>
    </ClInclude>
    <ClInclude Include="Mesh.h">
      <Filter>Mesh</Filter>
    </ClInclude>
    <ClInclude Include="ObjReader.h">
      <Filter>Mesh</Filter>
    </ClInclude>
    <ClInclude Include="Triangle.h">
      <Filter>Mesh</Filter>
    </ClInclude>
    <ClInclude Include="vboindexer.h">
      <Filter>Mesh</Filter>
    </ClInclude>
    <ClInclude Include="stb_image.h">
      <Filter>STB_IMAGE</Filter>
    </ClInclude>
    <ClInclude Include="Shader.h">
      <Filter>Shader</Filter>
    </ClInclude>
    <ClInclude Include="Texture.h">
      <Filter>Texture</Filter>
    </ClInclude>
    <ClInclude Include="ShaderManager.h">
      <Filter>Managers</Filter>
    </ClInclude>
    <ClInclude Include="ShadowMap.h">
      <Filter>Texture</Filter>
    </ClInclude>
    <ClInclude Include="ShadowCubeMap.h">
      <Filter>Texture</Filter>
    </ClInclude>
  </ItemGroup>
</Project>