<?xml version="1.0" encoding="utf-8"?>
<Project ToolsVersion="4.0" xmlns="http://schemas.microsoft.com/developer/msbuild/2003">
  <ItemGroup>
    <Filter Include="Components">
      <UniqueIdentifier>{4be130c0-2d40-4f30-a9a6-c1792423ccf2}</UniqueIdentifier>
    </Filter>
    <Filter Include="Managers">
      <UniqueIdentifier>{943ac31c-87fb-42b9-be5a-5c93ee9c0ff1}</UniqueIdentifier>
    </Filter>
    <Filter Include="Unused Classes">
      <UniqueIdentifier>{4f9cd55a-9f84-43f6-a2af-d56bb02fe297}</UniqueIdentifier>
    </Filter>
    <Filter Include="Messaging">
      <UniqueIdentifier>{2864b9e4-4528-414e-9d39-09d990d7bcae}</UniqueIdentifier>
    </Filter>
    <Filter Include="MAIN">
      <UniqueIdentifier>{05e69c11-8619-4ac5-ad70-0991e77009ce}</UniqueIdentifier>
    </Filter>
    <Filter Include="Input">
      <UniqueIdentifier>{ae5ccf9e-c876-4c40-921d-b7f9e3a9d7fa}</UniqueIdentifier>
    </Filter>
    <Filter Include="GameObject">
      <UniqueIdentifier>{3dbb358d-5f36-4e64-a402-9c5b1b16b5f9}</UniqueIdentifier>
    </Filter>
    <Filter Include="Engine">
      <UniqueIdentifier>{b9219681-3488-4203-b224-31c66a28967b}</UniqueIdentifier>
    </Filter>
  </ItemGroup>
  <ItemGroup>
    <ClCompile Include="Component.cpp">
      <Filter>Components</Filter>
    </ClCompile>
    <ClCompile Include="LightComponent.cpp">
      <Filter>Components</Filter>
    </ClCompile>
    <ClCompile Include="MeshComponent.cpp">
      <Filter>Components</Filter>
    </ClCompile>
    <ClCompile Include="TransformComponent.cpp">
      <Filter>Components</Filter>
    </ClCompile>
    <ClCompile Include="GameObjectManager.cpp">
      <Filter>Managers</Filter>
    </ClCompile>
    <ClCompile Include="MeshManager.cpp">
      <Filter>Managers</Filter>
    </ClCompile>
    <ClCompile Include="IWritable.cpp">
      <Filter>Unused Classes</Filter>
    </ClCompile>
    <ClCompile Include="Level.cpp">
      <Filter>Unused Classes</Filter>
    </ClCompile>
    <ClCompile Include="main.cpp">
      <Filter>MAIN</Filter>
    </ClCompile>
    <ClCompile Include="Message.cpp">
      <Filter>Messaging</Filter>
    </ClCompile>
    <ClCompile Include="Mutex.cpp">
      <Filter>Unused Classes</Filter>
    </ClCompile>
    <ClCompile Include="MeshMessage.cpp">
      <Filter>Messaging</Filter>
    </ClCompile>
    <ClCompile Include="ObjectMessage.cpp">
      <Filter>Messaging</Filter>
    </ClCompile>
    <ClCompile Include="Thread.cpp">
      <Filter>Unused Classes</Filter>
    </ClCompile>
    <ClCompile Include="EngineTime.cpp">
      <Filter>Unused Classes</Filter>
    </ClCompile>
    <ClCompile Include="Input.cpp">
      <Filter>Input</Filter>
    </ClCompile>
    <ClCompile Include="GameObject.cpp">
      <Filter>GameObject</Filter>
    </ClCompile>
    <ClCompile Include="Engine.cpp">
      <Filter>Engine</Filter>
    </ClCompile>
    <ClCompile Include="FlyingCamera.cpp">
      <Filter>Engine</Filter>
    </ClCompile>
    <ClCompile Include="RaycastMessage.cpp">
      <Filter>Unused Classes</Filter>
    </ClCompile>
    <ClCompile Include="MessageQueueClass.cpp">
      <Filter>Unused Classes</Filter>
    </ClCompile>
  </ItemGroup>
  <ItemGroup>
    <ClInclude Include="Component.h">
      <Filter>Components</Filter>
    </ClInclude>
    <ClInclude Include="LightComponent.h">
      <Filter>Components</Filter>
    </ClInclude>
    <ClInclude Include="MeshComponent.h">
      <Filter>Components</Filter>
    </ClInclude>
    <ClInclude Include="TransformComponent.h">
      <Filter>Components</Filter>
    </ClInclude>
    <ClInclude Include="GameObjectManager.h">
      <Filter>Managers</Filter>
    </ClInclude>
    <ClInclude Include="MeshManager.h">
      <Filter>Managers</Filter>
    </ClInclude>
    <ClInclude Include="Message.h">
      <Filter>Messaging</Filter>
    </ClInclude>
    <ClInclude Include="MeshMessage.h">
      <Filter>Messaging</Filter>
    </ClInclude>
    <ClInclude Include="ObjectMessage.h">
      <Filter>Messaging</Filter>
    </ClInclude>
    <ClInclude Include="Thread.h">
      <Filter>Unused Classes</Filter>
    </ClInclude>
    <ClInclude Include="RaycastMessage.h">
      <Filter>Unused Classes</Filter>
    </ClInclude>
    <ClInclude Include="Mutex.h">
      <Filter>Unused Classes</Filter>
    </ClInclude>
    <ClInclude Include="IWritable.h">
      <Filter>Unused Classes</Filter>
    </ClInclude>
    <ClInclude Include="Level.h">
      <Filter>Unused Classes</Filter>
    </ClInclude>
    <ClInclude Include="EngineTime.h">
      <Filter>Unused Classes</Filter>
    </ClInclude>
    <ClInclude Include="Input.h">
      <Filter>Input</Filter>
    </ClInclude>
    <ClInclude Include="GameObject.h">
      <Filter>GameObject</Filter>
    </ClInclude>
    <ClInclude Include="Engine.h">
      <Filter>Engine</Filter>
    </ClInclude>
    <ClInclude Include="FlyingCamera.h">
      <Filter>Engine</Filter>
    </ClInclude>
    <ClInclude Include="MessageQueueClass.h">
      <Filter>Unused Classes</Filter>
    </ClInclude>
  </ItemGroup>
</Project>