<?xml version="1.0" encoding="utf-8"?>
<Project ToolsVersion="4.0" xmlns="http://schemas.microsoft.com/developer/msbuild/2003">
  <ItemGroup>
    <Filter Include="Colliders">
      <UniqueIdentifier>{e198c569-262c-4dfb-adb8-e686e283dafb}</UniqueIdentifier>
    </Filter>
    <Filter Include="Managers">
      <UniqueIdentifier>{01ea5509-f59d-477b-9cc0-18eb03a4ed61}</UniqueIdentifier>
    </Filter>
    <Filter Include="GLAD">
      <UniqueIdentifier>{fcd680f5-fbd8-4a11-9401-4b22b2981595}</UniqueIdentifier>
    </Filter>
  </ItemGroup>
  <ItemGroup>
    <ClCompile Include="Collider.cpp">
      <Filter>Colliders</Filter>
    </ClCompile>
    <ClCompile Include="SphereCollider.cpp">
      <Filter>Colliders</Filter>
    </ClCompile>
    <ClCompile Include="CollisionManager.cpp">
      <Filter>Managers</Filter>
    </ClCompile>
    <ClCompile Include="BoxCollider.cpp">
      <Filter>Colliders</Filter>
    </ClCompile>
    <ClCompile Include="MeshColliderSAT.cpp">
      <Filter>Colliders</Filter>
    </ClCompile>
    <ClCompile Include="RaycastCollider.cpp">
      <Filter>Colliders</Filter>
    </ClCompile>
  </ItemGroup>
  <ItemGroup>
    <ClInclude Include="Collider.h">
      <Filter>Colliders</Filter>
    </ClInclude>
    <ClInclude Include="SphereCollider.h">
      <Filter>Colliders</Filter>
    </ClInclude>
    <ClInclude Include="CollisionManager.h">
      <Filter>Managers</Filter>
    </ClInclude>
    <ClInclude Include="BoxCollider.h">
      <Filter>Colliders</Filter>
    </ClInclude>
    <ClInclude Include="MeshColliderSAT.h">
      <Filter>Colliders</Filter>
    </ClInclude>
    <ClInclude Include="RaycastCollider.h">
      <Filter>Colliders</Filter>
    </ClInclude>
  </ItemGroup>
</Project>